// !$*UTF8*$!
{
	archiveVersion = 1;
	classes = {
	};
	objectVersion = 50;
	objects = {

/* Begin PBXBuildFile section */
		4B60CAE12271C0E700755307 /* AppDelegate.swift in Sources */ = {isa = PBXBuildFile; fileRef = 4B60CAE02271C0E700755307 /* AppDelegate.swift */; };
		4B60CAE32271C0E700755307 /* ViewController.swift in Sources */ = {isa = PBXBuildFile; fileRef = 4B60CAE22271C0E700755307 /* ViewController.swift */; };
		4B60CAE52271C0E900755307 /* Assets.xcassets in Resources */ = {isa = PBXBuildFile; fileRef = 4B60CAE42271C0E900755307 /* Assets.xcassets */; };
		4B60CAE82271C0E900755307 /* Main.storyboard in Resources */ = {isa = PBXBuildFile; fileRef = 4B60CAE62271C0E900755307 /* Main.storyboard */; };
		4B60CAF42271C0EA00755307 /* TestCIAppTests.swift in Sources */ = {isa = PBXBuildFile; fileRef = 4B60CAF32271C0EA00755307 /* TestCIAppTests.swift */; };
		4B60CAFF2271C0EA00755307 /* TestCIAppUITests.swift in Sources */ = {isa = PBXBuildFile; fileRef = 4B60CAFE2271C0EA00755307 /* TestCIAppUITests.swift */; };
/* End PBXBuildFile section */

/* Begin PBXContainerItemProxy section */
		4B60CAF02271C0EA00755307 /* PBXContainerItemProxy */ = {
			isa = PBXContainerItemProxy;
			containerPortal = 4B60CAD52271C0E700755307 /* Project object */;
			proxyType = 1;
			remoteGlobalIDString = 4B60CADC2271C0E700755307;
			remoteInfo = TestCIApp;
		};
		4B60CAFB2271C0EA00755307 /* PBXContainerItemProxy */ = {
			isa = PBXContainerItemProxy;
			containerPortal = 4B60CAD52271C0E700755307 /* Project object */;
			proxyType = 1;
			remoteGlobalIDString = 4B60CADC2271C0E700755307;
			remoteInfo = TestCIApp;
		};
/* End PBXContainerItemProxy section */

/* Begin PBXFileReference section */
		4B60CADD2271C0E700755307 /* TestCIApp.app */ = {isa = PBXFileReference; explicitFileType = wrapper.application; includeInIndex = 0; path = TestCIApp.app; sourceTree = BUILT_PRODUCTS_DIR; };
		4B60CAE02271C0E700755307 /* AppDelegate.swift */ = {isa = PBXFileReference; lastKnownFileType = sourcecode.swift; path = AppDelegate.swift; sourceTree = "<group>"; };
		4B60CAE22271C0E700755307 /* ViewController.swift */ = {isa = PBXFileReference; lastKnownFileType = sourcecode.swift; path = ViewController.swift; sourceTree = "<group>"; };
		4B60CAE42271C0E900755307 /* Assets.xcassets */ = {isa = PBXFileReference; lastKnownFileType = folder.assetcatalog; path = Assets.xcassets; sourceTree = "<group>"; };
		4B60CAE72271C0E900755307 /* Base */ = {isa = PBXFileReference; lastKnownFileType = file.storyboard; name = Base; path = Base.lproj/Main.storyboard; sourceTree = "<group>"; };
		4B60CAE92271C0E900755307 /* Info.plist */ = {isa = PBXFileReference; lastKnownFileType = text.plist.xml; path = Info.plist; sourceTree = "<group>"; };
		4B60CAEA2271C0E900755307 /* TestCIApp.entitlements */ = {isa = PBXFileReference; lastKnownFileType = text.plist.entitlements; path = TestCIApp.entitlements; sourceTree = "<group>"; };
		4B60CAEF2271C0EA00755307 /* TestCIAppTests.xctest */ = {isa = PBXFileReference; explicitFileType = wrapper.cfbundle; includeInIndex = 0; path = TestCIAppTests.xctest; sourceTree = BUILT_PRODUCTS_DIR; };
		4B60CAF32271C0EA00755307 /* TestCIAppTests.swift */ = {isa = PBXFileReference; lastKnownFileType = sourcecode.swift; path = TestCIAppTests.swift; sourceTree = "<group>"; };
		4B60CAF52271C0EA00755307 /* Info.plist */ = {isa = PBXFileReference; lastKnownFileType = text.plist.xml; path = Info.plist; sourceTree = "<group>"; };
		4B60CAFA2271C0EA00755307 /* TestCIAppUITests.xctest */ = {isa = PBXFileReference; explicitFileType = wrapper.cfbundle; includeInIndex = 0; path = TestCIAppUITests.xctest; sourceTree = BUILT_PRODUCTS_DIR; };
		4B60CAFE2271C0EA00755307 /* TestCIAppUITests.swift */ = {isa = PBXFileReference; lastKnownFileType = sourcecode.swift; path = TestCIAppUITests.swift; sourceTree = "<group>"; };
		4B60CB002271C0EA00755307 /* Info.plist */ = {isa = PBXFileReference; lastKnownFileType = text.plist.xml; path = Info.plist; sourceTree = "<group>"; };
/* End PBXFileReference section */

/* Begin PBXFrameworksBuildPhase section */
		4B60CADA2271C0E700755307 /* Frameworks */ = {
			isa = PBXFrameworksBuildPhase;
			buildActionMask = 2147483647;
			files = (
			);
			runOnlyForDeploymentPostprocessing = 0;
		};
		4B60CAEC2271C0EA00755307 /* Frameworks */ = {
			isa = PBXFrameworksBuildPhase;
			buildActionMask = 2147483647;
			files = (
			);
			runOnlyForDeploymentPostprocessing = 0;
		};
		4B60CAF72271C0EA00755307 /* Frameworks */ = {
			isa = PBXFrameworksBuildPhase;
			buildActionMask = 2147483647;
			files = (
			);
			runOnlyForDeploymentPostprocessing = 0;
		};
/* End PBXFrameworksBuildPhase section */

/* Begin PBXGroup section */
		4B60CAD42271C0E700755307 = {
			isa = PBXGroup;
			children = (
				4B60CADF2271C0E700755307 /* TestCIApp */,
				4B60CAF22271C0EA00755307 /* TestCIAppTests */,
				4B60CAFD2271C0EA00755307 /* TestCIAppUITests */,
				4B60CADE2271C0E700755307 /* Products */,
			);
			sourceTree = "<group>";
		};
		4B60CADE2271C0E700755307 /* Products */ = {
			isa = PBXGroup;
			children = (
				4B60CADD2271C0E700755307 /* TestCIApp.app */,
				4B60CAEF2271C0EA00755307 /* TestCIAppTests.xctest */,
				4B60CAFA2271C0EA00755307 /* TestCIAppUITests.xctest */,
			);
			name = Products;
			sourceTree = "<group>";
		};
		4B60CADF2271C0E700755307 /* TestCIApp */ = {
			isa = PBXGroup;
			children = (
				4B60CAE02271C0E700755307 /* AppDelegate.swift */,
				4B60CAE22271C0E700755307 /* ViewController.swift */,
				4B60CAE42271C0E900755307 /* Assets.xcassets */,
				4B60CAE62271C0E900755307 /* Main.storyboard */,
				4B60CAE92271C0E900755307 /* Info.plist */,
				4B60CAEA2271C0E900755307 /* TestCIApp.entitlements */,
			);
			path = TestCIApp;
			sourceTree = "<group>";
		};
		4B60CAF22271C0EA00755307 /* TestCIAppTests */ = {
			isa = PBXGroup;
			children = (
				4B60CAF32271C0EA00755307 /* TestCIAppTests.swift */,
				4B60CAF52271C0EA00755307 /* Info.plist */,
			);
			path = TestCIAppTests;
			sourceTree = "<group>";
		};
		4B60CAFD2271C0EA00755307 /* TestCIAppUITests */ = {
			isa = PBXGroup;
			children = (
				4B60CAFE2271C0EA00755307 /* TestCIAppUITests.swift */,
				4B60CB002271C0EA00755307 /* Info.plist */,
			);
			path = TestCIAppUITests;
			sourceTree = "<group>";
		};
/* End PBXGroup section */

/* Begin PBXNativeTarget section */
		4B60CADC2271C0E700755307 /* TestCIApp */ = {
			isa = PBXNativeTarget;
			buildConfigurationList = 4B60CB032271C0EA00755307 /* Build configuration list for PBXNativeTarget "TestCIApp" */;
			buildPhases = (
				4B60CAD92271C0E700755307 /* Sources */,
				4B60CADA2271C0E700755307 /* Frameworks */,
				4B60CADB2271C0E700755307 /* Resources */,
			);
			buildRules = (
			);
			dependencies = (
			);
			name = TestCIApp;
			productName = TestCIApp;
			productReference = 4B60CADD2271C0E700755307 /* TestCIApp.app */;
			productType = "com.apple.product-type.application";
		};
		4B60CAEE2271C0EA00755307 /* TestCIAppTests */ = {
			isa = PBXNativeTarget;
			buildConfigurationList = 4B60CB062271C0EA00755307 /* Build configuration list for PBXNativeTarget "TestCIAppTests" */;
			buildPhases = (
				4B60CAEB2271C0EA00755307 /* Sources */,
				4B60CAEC2271C0EA00755307 /* Frameworks */,
				4B60CAED2271C0EA00755307 /* Resources */,
			);
			buildRules = (
			);
			dependencies = (
				4B60CAF12271C0EA00755307 /* PBXTargetDependency */,
			);
			name = TestCIAppTests;
			productName = TestCIAppTests;
			productReference = 4B60CAEF2271C0EA00755307 /* TestCIAppTests.xctest */;
			productType = "com.apple.product-type.bundle.unit-test";
		};
		4B60CAF92271C0EA00755307 /* TestCIAppUITests */ = {
			isa = PBXNativeTarget;
			buildConfigurationList = 4B60CB092271C0EA00755307 /* Build configuration list for PBXNativeTarget "TestCIAppUITests" */;
			buildPhases = (
				4B60CAF62271C0EA00755307 /* Sources */,
				4B60CAF72271C0EA00755307 /* Frameworks */,
				4B60CAF82271C0EA00755307 /* Resources */,
			);
			buildRules = (
			);
			dependencies = (
				4B60CAFC2271C0EA00755307 /* PBXTargetDependency */,
			);
			name = TestCIAppUITests;
			productName = TestCIAppUITests;
			productReference = 4B60CAFA2271C0EA00755307 /* TestCIAppUITests.xctest */;
			productType = "com.apple.product-type.bundle.ui-testing";
		};
/* End PBXNativeTarget section */

/* Begin PBXProject section */
		4B60CAD52271C0E700755307 /* Project object */ = {
			isa = PBXProject;
			attributes = {
				LastSwiftUpdateCheck = 1010;
				LastUpgradeCheck = 1010;
				ORGANIZATIONNAME = "Shahab Ahmad";
				TargetAttributes = {
					4B60CADC2271C0E700755307 = {
						CreatedOnToolsVersion = 10.1;
					};
					4B60CAEE2271C0EA00755307 = {
						CreatedOnToolsVersion = 10.1;
						TestTargetID = 4B60CADC2271C0E700755307;
					};
					4B60CAF92271C0EA00755307 = {
						CreatedOnToolsVersion = 10.1;
						TestTargetID = 4B60CADC2271C0E700755307;
					};
				};
			};
			buildConfigurationList = 4B60CAD82271C0E700755307 /* Build configuration list for PBXProject "TestCIApp" */;
			compatibilityVersion = "Xcode 9.3";
			developmentRegion = en;
			hasScannedForEncodings = 0;
			knownRegions = (
				en,
				Base,
			);
			mainGroup = 4B60CAD42271C0E700755307;
			productRefGroup = 4B60CADE2271C0E700755307 /* Products */;
			projectDirPath = "";
			projectRoot = "";
			targets = (
				4B60CADC2271C0E700755307 /* TestCIApp */,
				4B60CAEE2271C0EA00755307 /* TestCIAppTests */,
				4B60CAF92271C0EA00755307 /* TestCIAppUITests */,
			);
		};
/* End PBXProject section */

/* Begin PBXResourcesBuildPhase section */
		4B60CADB2271C0E700755307 /* Resources */ = {
			isa = PBXResourcesBuildPhase;
			buildActionMask = 2147483647;
			files = (
				4B60CAE52271C0E900755307 /* Assets.xcassets in Resources */,
				4B60CAE82271C0E900755307 /* Main.storyboard in Resources */,
			);
			runOnlyForDeploymentPostprocessing = 0;
		};
		4B60CAED2271C0EA00755307 /* Resources */ = {
			isa = PBXResourcesBuildPhase;
			buildActionMask = 2147483647;
			files = (
			);
			runOnlyForDeploymentPostprocessing = 0;
		};
		4B60CAF82271C0EA00755307 /* Resources */ = {
			isa = PBXResourcesBuildPhase;
			buildActionMask = 2147483647;
			files = (
			);
			runOnlyForDeploymentPostprocessing = 0;
		};
/* End PBXResourcesBuildPhase section */

/* Begin PBXSourcesBuildPhase section */
		4B60CAD92271C0E700755307 /* Sources */ = {
			isa = PBXSourcesBuildPhase;
			buildActionMask = 2147483647;
			files = (
				4B60CAE32271C0E700755307 /* ViewController.swift in Sources */,
				4B60CAE12271C0E700755307 /* AppDelegate.swift in Sources */,
			);
			runOnlyForDeploymentPostprocessing = 0;
		};
		4B60CAEB2271C0EA00755307 /* Sources */ = {
			isa = PBXSourcesBuildPhase;
			buildActionMask = 2147483647;
			files = (
				4B60CAF42271C0EA00755307 /* TestCIAppTests.swift in Sources */,
			);
			runOnlyForDeploymentPostprocessing = 0;
		};
		4B60CAF62271C0EA00755307 /* Sources */ = {
			isa = PBXSourcesBuildPhase;
			buildActionMask = 2147483647;
			files = (
				4B60CAFF2271C0EA00755307 /* TestCIAppUITests.swift in Sources */,
			);
			runOnlyForDeploymentPostprocessing = 0;
		};
/* End PBXSourcesBuildPhase section */

/* Begin PBXTargetDependency section */
		4B60CAF12271C0EA00755307 /* PBXTargetDependency */ = {
			isa = PBXTargetDependency;
			target = 4B60CADC2271C0E700755307 /* TestCIApp */;
			targetProxy = 4B60CAF02271C0EA00755307 /* PBXContainerItemProxy */;
		};
		4B60CAFC2271C0EA00755307 /* PBXTargetDependency */ = {
			isa = PBXTargetDependency;
			target = 4B60CADC2271C0E700755307 /* TestCIApp */;
			targetProxy = 4B60CAFB2271C0EA00755307 /* PBXContainerItemProxy */;
		};
/* End PBXTargetDependency section */

/* Begin PBXVariantGroup section */
		4B60CAE62271C0E900755307 /* Main.storyboard */ = {
			isa = PBXVariantGroup;
			children = (
				4B60CAE72271C0E900755307 /* Base */,
			);
			name = Main.storyboard;
			sourceTree = "<group>";
		};
/* End PBXVariantGroup section */

/* Begin XCBuildConfiguration section */
		4B60CB012271C0EA00755307 /* Debug */ = {
			isa = XCBuildConfiguration;
			buildSettings = {
				ALWAYS_SEARCH_USER_PATHS = NO;
				CLANG_ANALYZER_NONNULL = YES;
				CLANG_ANALYZER_NUMBER_OBJECT_CONVERSION = YES_AGGRESSIVE;
				CLANG_CXX_LANGUAGE_STANDARD = "gnu++14";
				CLANG_CXX_LIBRARY = "libc++";
				CLANG_ENABLE_MODULES = YES;
				CLANG_ENABLE_OBJC_ARC = YES;
				CLANG_ENABLE_OBJC_WEAK = YES;
				CLANG_WARN_BLOCK_CAPTURE_AUTORELEASING = YES;
				CLANG_WARN_BOOL_CONVERSION = YES;
				CLANG_WARN_COMMA = YES;
				CLANG_WARN_CONSTANT_CONVERSION = YES;
				CLANG_WARN_DEPRECATED_OBJC_IMPLEMENTATIONS = YES;
				CLANG_WARN_DIRECT_OBJC_ISA_USAGE = YES_ERROR;
				CLANG_WARN_DOCUMENTATION_COMMENTS = YES;
				CLANG_WARN_EMPTY_BODY = YES;
				CLANG_WARN_ENUM_CONVERSION = YES;
				CLANG_WARN_INFINITE_RECURSION = YES;
				CLANG_WARN_INT_CONVERSION = YES;
				CLANG_WARN_NON_LITERAL_NULL_CONVERSION = YES;
				CLANG_WARN_OBJC_IMPLICIT_RETAIN_SELF = YES;
				CLANG_WARN_OBJC_LITERAL_CONVERSION = YES;
				CLANG_WARN_OBJC_ROOT_CLASS = YES_ERROR;
				CLANG_WARN_RANGE_LOOP_ANALYSIS = YES;
				CLANG_WARN_STRICT_PROTOTYPES = YES;
				CLANG_WARN_SUSPICIOUS_MOVE = YES;
				CLANG_WARN_UNGUARDED_AVAILABILITY = YES_AGGRESSIVE;
				CLANG_WARN_UNREACHABLE_CODE = YES;
				CLANG_WARN__DUPLICATE_METHOD_MATCH = YES;
				CODE_SIGN_IDENTITY = "-";
				COPY_PHASE_STRIP = NO;
				DEBUG_INFORMATION_FORMAT = dwarf;
				ENABLE_STRICT_OBJC_MSGSEND = YES;
				ENABLE_TESTABILITY = YES;
				GCC_C_LANGUAGE_STANDARD = gnu11;
				GCC_DYNAMIC_NO_PIC = NO;
				GCC_NO_COMMON_BLOCKS = YES;
				GCC_OPTIMIZATION_LEVEL = 0;
				GCC_PREPROCESSOR_DEFINITIONS = (
					"DEBUG=1",
					"$(inherited)",
				);
				GCC_WARN_64_TO_32_BIT_CONVERSION = YES;
				GCC_WARN_ABOUT_RETURN_TYPE = YES_ERROR;
				GCC_WARN_UNDECLARED_SELECTOR = YES;
				GCC_WARN_UNINITIALIZED_AUTOS = YES_AGGRESSIVE;
				GCC_WARN_UNUSED_FUNCTION = YES;
				GCC_WARN_UNUSED_VARIABLE = YES;
				MACOSX_DEPLOYMENT_TARGET = 10.14;
				MTL_ENABLE_DEBUG_INFO = INCLUDE_SOURCE;
				MTL_FAST_MATH = YES;
				ONLY_ACTIVE_ARCH = YES;
				SDKROOT = macosx;
				SWIFT_ACTIVE_COMPILATION_CONDITIONS = DEBUG;
				SWIFT_OPTIMIZATION_LEVEL = "-Onone";
			};
			name = Debug;
		};
		4B60CB022271C0EA00755307 /* Release */ = {
			isa = XCBuildConfiguration;
			buildSettings = {
				ALWAYS_SEARCH_USER_PATHS = NO;
				CLANG_ANALYZER_NONNULL = YES;
				CLANG_ANALYZER_NUMBER_OBJECT_CONVERSION = YES_AGGRESSIVE;
				CLANG_CXX_LANGUAGE_STANDARD = "gnu++14";
				CLANG_CXX_LIBRARY = "libc++";
				CLANG_ENABLE_MODULES = YES;
				CLANG_ENABLE_OBJC_ARC = YES;
				CLANG_ENABLE_OBJC_WEAK = YES;
				CLANG_WARN_BLOCK_CAPTURE_AUTORELEASING = YES;
				CLANG_WARN_BOOL_CONVERSION = YES;
				CLANG_WARN_COMMA = YES;
				CLANG_WARN_CONSTANT_CONVERSION = YES;
				CLANG_WARN_DEPRECATED_OBJC_IMPLEMENTATIONS = YES;
				CLANG_WARN_DIRECT_OBJC_ISA_USAGE = YES_ERROR;
				CLANG_WARN_DOCUMENTATION_COMMENTS = YES;
				CLANG_WARN_EMPTY_BODY = YES;
				CLANG_WARN_ENUM_CONVERSION = YES;
				CLANG_WARN_INFINITE_RECURSION = YES;
				CLANG_WARN_INT_CONVERSION = YES;
				CLANG_WARN_NON_LITERAL_NULL_CONVERSION = YES;
				CLANG_WARN_OBJC_IMPLICIT_RETAIN_SELF = YES;
				CLANG_WARN_OBJC_LITERAL_CONVERSION = YES;
				CLANG_WARN_OBJC_ROOT_CLASS = YES_ERROR;
				CLANG_WARN_RANGE_LOOP_ANALYSIS = YES;
				CLANG_WARN_STRICT_PROTOTYPES = YES;
				CLANG_WARN_SUSPICIOUS_MOVE = YES;
				CLANG_WARN_UNGUARDED_AVAILABILITY = YES_AGGRESSIVE;
				CLANG_WARN_UNREACHABLE_CODE = YES;
				CLANG_WARN__DUPLICATE_METHOD_MATCH = YES;
				CODE_SIGN_IDENTITY = "-";
				COPY_PHASE_STRIP = NO;
				DEBUG_INFORMATION_FORMAT = "dwarf-with-dsym";
				ENABLE_NS_ASSERTIONS = NO;
				ENABLE_STRICT_OBJC_MSGSEND = YES;
				GCC_C_LANGUAGE_STANDARD = gnu11;
				GCC_NO_COMMON_BLOCKS = YES;
				GCC_WARN_64_TO_32_BIT_CONVERSION = YES;
				GCC_WARN_ABOUT_RETURN_TYPE = YES_ERROR;
				GCC_WARN_UNDECLARED_SELECTOR = YES;
				GCC_WARN_UNINITIALIZED_AUTOS = YES_AGGRESSIVE;
				GCC_WARN_UNUSED_FUNCTION = YES;
				GCC_WARN_UNUSED_VARIABLE = YES;
				MACOSX_DEPLOYMENT_TARGET = 10.14;
				MTL_ENABLE_DEBUG_INFO = NO;
				MTL_FAST_MATH = YES;
				SDKROOT = macosx;
				SWIFT_COMPILATION_MODE = wholemodule;
				SWIFT_OPTIMIZATION_LEVEL = "-O";
			};
			name = Release;
		};
		4B60CB042271C0EA00755307 /* Debug */ = {
			isa = XCBuildConfiguration;
			buildSettings = {
				ASSETCATALOG_COMPILER_APPICON_NAME = AppIcon;
				CODE_SIGN_ENTITLEMENTS = TestCIApp/TestCIApp.entitlements;
				CODE_SIGN_STYLE = Automatic;
				COMBINE_HIDPI_IMAGES = YES;
				INFOPLIST_FILE = TestCIApp/Info.plist;
				LD_RUNPATH_SEARCH_PATHS = (
					"$(inherited)",
					"@executable_path/../Frameworks",
				);
				PRODUCT_BUNDLE_IDENTIFIER = com.apple.learn.TestCIApp;
				PRODUCT_NAME = "$(TARGET_NAME)";
				SWIFT_VERSION = 4.2;
			};
			name = Debug;
		};
		4B60CB052271C0EA00755307 /* Release */ = {
			isa = XCBuildConfiguration;
			buildSettings = {
				ASSETCATALOG_COMPILER_APPICON_NAME = AppIcon;
				CODE_SIGN_ENTITLEMENTS = TestCIApp/TestCIApp.entitlements;
				CODE_SIGN_STYLE = Automatic;
				COMBINE_HIDPI_IMAGES = YES;
				INFOPLIST_FILE = TestCIApp/Info.plist;
				LD_RUNPATH_SEARCH_PATHS = (
					"$(inherited)",
					"@executable_path/../Frameworks",
				);
				PRODUCT_BUNDLE_IDENTIFIER = com.apple.learn.TestCIApp;
				PRODUCT_NAME = "$(TARGET_NAME)";
				SWIFT_VERSION = 4.2;
			};
			name = Release;
		};
		4B60CB072271C0EA00755307 /* Debug */ = {
			isa = XCBuildConfiguration;
			buildSettings = {
				ALWAYS_EMBED_SWIFT_STANDARD_LIBRARIES = YES;
				BUNDLE_LOADER = "$(TEST_HOST)";
				CODE_SIGN_STYLE = Automatic;
				COMBINE_HIDPI_IMAGES = YES;
				INFOPLIST_FILE = TestCIAppTests/Info.plist;
				LD_RUNPATH_SEARCH_PATHS = (
					"$(inherited)",
					"@executable_path/../Frameworks",
					"@loader_path/../Frameworks",
					"$(FRAMEWORK_SEARCH_PATHS)",
				);
				PRODUCT_BUNDLE_IDENTIFIER = com.apple.learn.TestCIAppTests;
				PRODUCT_NAME = "$(TARGET_NAME)";
				SWIFT_VERSION = 4.2;
				TEST_HOST = "$(BUILT_PRODUCTS_DIR)/TestCIApp.app/Contents/MacOS/TestCIApp";
			};
			name = Debug;
		};
		4B60CB082271C0EA00755307 /* Release */ = {
			isa = XCBuildConfiguration;
			buildSettings = {
				ALWAYS_EMBED_SWIFT_STANDARD_LIBRARIES = YES;
				BUNDLE_LOADER = "$(TEST_HOST)";
				CODE_SIGN_STYLE = Automatic;
				COMBINE_HIDPI_IMAGES = YES;
				INFOPLIST_FILE = TestCIAppTests/Info.plist;
				LD_RUNPATH_SEARCH_PATHS = (
					"$(inherited)",
					"@executable_path/../Frameworks",
					"@loader_path/../Frameworks",
					"$(FRAMEWORK_SEARCH_PATHS)",
				);
				PRODUCT_BUNDLE_IDENTIFIER = com.apple.learn.TestCIAppTests;
				PRODUCT_NAME = "$(TARGET_NAME)";
				SWIFT_VERSION = 4.2;
				TEST_HOST = "$(BUILT_PRODUCTS_DIR)/TestCIApp.app/Contents/MacOS/TestCIApp";
			};
			name = Release;
		};
		4B60CB0A2271C0EA00755307 /* Debug */ = {
			isa = XCBuildConfiguration;
			buildSettings = {
				ALWAYS_EMBED_SWIFT_STANDARD_LIBRARIES = YES;
				CODE_SIGN_STYLE = Automatic;
				COMBINE_HIDPI_IMAGES = YES;
				INFOPLIST_FILE = TestCIAppUITests/Info.plist;
				LD_RUNPATH_SEARCH_PATHS = (
					"$(inherited)",
					"@executable_path/../Frameworks",
					"@loader_path/../Frameworks",
				);
				PRODUCT_BUNDLE_IDENTIFIER = com.apple.learn.TestCIAppUITests;
				PRODUCT_NAME = "$(TARGET_NAME)";
				SWIFT_VERSION = 4.2;
				TEST_TARGET_NAME = TestCIApp;
			};
			name = Debug;
		};
		4B60CB0B2271C0EA00755307 /* Release */ = {
			isa = XCBuildConfiguration;
			buildSettings = {
				ALWAYS_EMBED_SWIFT_STANDARD_LIBRARIES = YES;
				CODE_SIGN_STYLE = Automatic;
				COMBINE_HIDPI_IMAGES = YES;
				INFOPLIST_FILE = TestCIAppUITests/Info.plist;
				LD_RUNPATH_SEARCH_PATHS = (
					"$(inherited)",
					"@executable_path/../Frameworks",
					"@loader_path/../Frameworks",
				);
				PRODUCT_BUNDLE_IDENTIFIER = com.apple.learn.TestCIAppUITests;
				PRODUCT_NAME = "$(TARGET_NAME)";
				SWIFT_VERSION = 4.2;
				TEST_TARGET_NAME = TestCIApp;
			};
			name = Release;
		};
/* End XCBuildConfiguration section */

/* Begin XCConfigurationList section */
		4B60CAD82271C0E700755307 /* Build configuration list for PBXProject "TestCIApp" */ = {
			isa = XCConfigurationList;
			buildConfigurations = (
				4B60CB012271C0EA00755307 /* Debug */,
				4B60CB022271C0EA00755307 /* Release */,
			);
			defaultConfigurationIsVisible = 0;
			defaultConfigurationName = Release;
		};
		4B60CB032271C0EA00755307 /* Build configuration list for PBXNativeTarget "TestCIApp" */ = {
			isa = XCConfigurationList;
			buildConfigurations = (
				4B60CB042271C0EA00755307 /* Debug */,
				4B60CB052271C0EA00755307 /* Release */,
			);
			defaultConfigurationIsVisible = 0;
			defaultConfigurationName = Release;
		};
		4B60CB062271C0EA00755307 /* Build configuration list for PBXNativeTarget "TestCIAppTests" */ = {
			isa = XCConfigurationList;
			buildConfigurations = (
				4B60CB072271C0EA00755307 /* Debug */,
				4B60CB082271C0EA00755307 /* Release */,
			);
			defaultConfigurationIsVisible = 0;
			defaultConfigurationName = Release;
		};
		4B60CB092271C0EA00755307 /* Build configuration list for PBXNativeTarget "TestCIAppUITests" */ = {
			isa = XCConfigurationList;
			buildConfigurations = (
				4B60CB0A2271C0EA00755307 /* Debug */,
				4B60CB0B2271C0EA00755307 /* Release */,
			);
			defaultConfigurationIsVisible = 0;
			defaultConfigurationName = Release;
		};
/* End XCConfigurationList section */
	};
	rootObject = 4B60CAD52271C0E700755307 /* Project object */;
}
